{
  "name": "emoji-toolkit",
  "lockfileVersion": 3,
  "requires": true,
  "packages": {
    "": {
      "name": "emoji-toolkit",
      "dependencies": {
        "emojibase-data": "17.0.0"
      }
    },
    "node_modules/emojibase": {
      "version": "17.0.0",
      "resolved": "https://registry.npmjs.org/emojibase/-/emojibase-17.0.0.tgz",
      "integrity": "sha512-bXdpf4HPY3p41zK5swVKZdC/VynsMZ4LoLxdYDE+GucqkFwzcM1GVc4ODfYAlwoKaf2U2oNNUoOO78N96ovpBA==",
      "license": "MIT",
      "peer": true,
      "engines": {
        "node": ">=18.12.0"
      },
      "funding": {
        "type": "ko-fi",
        "url": "https://ko-fi.com/milesjohnson"
      }
    },
    "node_modules/emojibase-data": {
      "version": "17.0.0",
      "resolved": "https://registry.npmjs.org/emojibase-data/-/emojibase-data-17.0.0.tgz",
      "integrity": "sha512-Yvgb5AWoHViHV/gq1qr5ZAarcBip+B27/ZLRsUJkbgAEaLlZ/fof9g882LTpmEpyhBNEC0m2SEmItljHsTygjA==",
      "license": "MIT",
      "funding": {
        "type": "ko-fi",
        "url": "https://ko-fi.com/milesjohnson"
      },
      "peerDependencies": {
        "emojibase": "*"
      }
    }
  }
}
